github.com/edte/erpc v0.0.0-20220929080508-590e15d9597a h1:HLYkGz3rSkIXWon+Qn5N5MJWnvtSzPX+uvoJ/FUjOds=
github.com/edte/erpc v0.0.0-20220929080508-590e15d9597a/go.mod h1:LKr/AWE1CKGm1UBBobAfTL95g9HD5w+hzIFBh3y3lBM=
github.com/smartystreets/assertions v1.13.0 h1:Dx1kYM01xsSqKPno3aqLnrwac2LetPvN23diwyr69Qs=
